// !$*UTF8*$!
{
	archiveVersion = 1;
	classes = {
	};
	objectVersion = 46;
	objects = {

/* Begin PBXBuildFile section */
		654E2EFC1C3A6C9D00F465A7 /* AppDelegate.swift in Sources */ = {isa = PBXBuildFile; fileRef = 654E2EFB1C3A6C9D00F465A7 /* AppDelegate.swift */; };
		654E2EFE1C3A6C9D00F465A7 /* GameScene.sks in Resources */ = {isa = PBXBuildFile; fileRef = 654E2EFD1C3A6C9D00F465A7 /* GameScene.sks */; };
		654E2F001C3A6C9D00F465A7 /* GameScene.swift in Sources */ = {isa = PBXBuildFile; fileRef = 654E2EFF1C3A6C9D00F465A7 /* GameScene.swift */; };
		654E2F021C3A6C9D00F465A7 /* GameViewController.swift in Sources */ = {isa = PBXBuildFile; fileRef = 654E2F011C3A6C9D00F465A7 /* GameViewController.swift */; };
		654E2F051C3A6C9D00F465A7 /* Main.storyboard in Resources */ = {isa = PBXBuildFile; fileRef = 654E2F031C3A6C9D00F465A7 /* Main.storyboard */; };
		654E2F071C3A6C9D00F465A7 /* Assets.xcassets in Resources */ = {isa = PBXBuildFile; fileRef = 654E2F061C3A6C9D00F465A7 /* Assets.xcassets */; };
		654E2F0A1C3A6C9D00F465A7 /* LaunchScreen.storyboard in Resources */ = {isa = PBXBuildFile; fileRef = 654E2F081C3A6C9D00F465A7 /* LaunchScreen.storyboard */; };
		654E2F161C3A95D000F465A7 /* bg.png in Resources */ = {isa = PBXBuildFile; fileRef = 654E2F111C3A95D000F465A7 /* bg.png */; };
		654E2F171C3A95D000F465A7 /* flappy1.png in Resources */ = {isa = PBXBuildFile; fileRef = 654E2F121C3A95D000F465A7 /* flappy1.png */; };
		654E2F181C3A95D000F465A7 /* flappy2.png in Resources */ = {isa = PBXBuildFile; fileRef = 654E2F131C3A95D000F465A7 /* flappy2.png */; };
		654E2F191C3A95D000F465A7 /* pipe1.png in Resources */ = {isa = PBXBuildFile; fileRef = 654E2F141C3A95D000F465A7 /* pipe1.png */; };
		654E2F1A1C3A95D000F465A7 /* pipe2.png in Resources */ = {isa = PBXBuildFile; fileRef = 654E2F151C3A95D000F465A7 /* pipe2.png */; };
		654E2F1C1C3B977F00F465A7 /* Evolve.wav in Resources */ = {isa = PBXBuildFile; fileRef = 654E2F1B1C3B977F00F465A7 /* Evolve.wav */; };
/* End PBXBuildFile section */

/* Begin PBXFileReference section */
		654E2EF81C3A6C9D00F465A7 /* first game.app */ = {isa = PBXFileReference; explicitFileType = wrapper.application; includeInIndex = 0; path = "first game.app"; sourceTree = BUILT_PRODUCTS_DIR; };
		654E2EFB1C3A6C9D00F465A7 /* AppDelegate.swift */ = {isa = PBXFileReference; lastKnownFileType = sourcecode.swift; path = AppDelegate.swift; sourceTree = "<group>"; };
		654E2EFD1C3A6C9D00F465A7 /* GameScene.sks */ = {isa = PBXFileReference; lastKnownFileType = file.sks; path = GameScene.sks; sourceTree = "<group>"; };
		654E2EFF1C3A6C9D00F465A7 /* GameScene.swift */ = {isa = PBXFileReference; lastKnownFileType = sourcecode.swift; path = GameScene.swift; sourceTree = "<group>"; };
		654E2F011C3A6C9D00F465A7 /* GameViewController.swift */ = {isa = PBXFileReference; lastKnownFileType = sourcecode.swift; path = GameViewController.swift; sourceTree = "<group>"; };
		654E2F041C3A6C9D00F465A7 /* Base */ = {isa = PBXFileReference; lastKnownFileType = file.storyboard; name = Base; path = Base.lproj/Main.storyboard; sourceTree = "<group>"; };
		654E2F061C3A6C9D00F465A7 /* Assets.xcassets */ = {isa = PBXFileReference; lastKnownFileType = folder.assetcatalog; path = Assets.xcassets; sourceTree = "<group>"; };
		654E2F091C3A6C9D00F465A7 /* Base */ = {isa = PBXFileReference; lastKnownFileType = file.storyboard; name = Base; path = Base.lproj/LaunchScreen.storyboard; sourceTree = "<group>"; };
		654E2F0B1C3A6C9D00F465A7 /* Info.plist */ = {isa = PBXFileReference; lastKnownFileType = text.plist.xml; path = Info.plist; sourceTree = "<group>"; };
		654E2F111C3A95D000F465A7 /* bg.png */ = {isa = PBXFileReference; lastKnownFileType = image.png; path = bg.png; sourceTree = "<group>"; };
		654E2F121C3A95D000F465A7 /* flappy1.png */ = {isa = PBXFileReference; lastKnownFileType = image.png; path = flappy1.png; sourceTree = "<group>"; };
		654E2F131C3A95D000F465A7 /* flappy2.png */ = {isa = PBXFileReference; lastKnownFileType = image.png; path = flappy2.png; sourceTree = "<group>"; };
		654E2F141C3A95D000F465A7 /* pipe1.png */ = {isa = PBXFileReference; lastKnownFileType = image.png; path = pipe1.png; sourceTree = "<group>"; };
		654E2F151C3A95D000F465A7 /* pipe2.png */ = {isa = PBXFileReference; lastKnownFileType = image.png; path = pipe2.png; sourceTree = "<group>"; };
		654E2F1B1C3B977F00F465A7 /* Evolve.wav */ = {isa = PBXFileReference; lastKnownFileType = audio.wav; path = Evolve.wav; sourceTree = "<group>"; };
/* End PBXFileReference section */

/* Begin PBXFrameworksBuildPhase section */
		654E2EF51C3A6C9D00F465A7 /* Frameworks */ = {
			isa = PBXFrameworksBuildPhase;
			buildActionMask = 2147483647;
			files = (
			);
			runOnlyForDeploymentPostprocessing = 0;
		};
/* End PBXFrameworksBuildPhase section */

/* Begin PBXGroup section */
		654E2EEF1C3A6C9D00F465A7 = {
			isa = PBXGroup;
			children = (
				654E2EFA1C3A6C9D00F465A7 /* first game */,
				654E2EF91C3A6C9D00F465A7 /* Products */,
			);
			sourceTree = "<group>";
		};
		654E2EF91C3A6C9D00F465A7 /* Products */ = {
			isa = PBXGroup;
			children = (
				654E2EF81C3A6C9D00F465A7 /* first game.app */,
			);
			name = Products;
			sourceTree = "<group>";
		};
		654E2EFA1C3A6C9D00F465A7 /* first game */ = {
			isa = PBXGroup;
			children = (
				654E2EFB1C3A6C9D00F465A7 /* AppDelegate.swift */,
				654E2EFD1C3A6C9D00F465A7 /* GameScene.sks */,
				654E2EFF1C3A6C9D00F465A7 /* GameScene.swift */,
				654E2F011C3A6C9D00F465A7 /* GameViewController.swift */,
				654E2F031C3A6C9D00F465A7 /* Main.storyboard */,
				654E2F061C3A6C9D00F465A7 /* Assets.xcassets */,
				654E2F081C3A6C9D00F465A7 /* LaunchScreen.storyboard */,
				654E2F0B1C3A6C9D00F465A7 /* Info.plist */,
				654E2F1B1C3B977F00F465A7 /* Evolve.wav */,
				654E2F111C3A95D000F465A7 /* bg.png */,
				654E2F121C3A95D000F465A7 /* flappy1.png */,
				654E2F131C3A95D000F465A7 /* flappy2.png */,
				654E2F141C3A95D000F465A7 /* pipe1.png */,
				654E2F151C3A95D000F465A7 /* pipe2.png */,
			);
			path = "first game";
			sourceTree = "<group>";
		};
/* End PBXGroup section */

/* Begin PBXNativeTarget section */
		654E2EF71C3A6C9D00F465A7 /* first game */ = {
			isa = PBXNativeTarget;
			buildConfigurationList = 654E2F0E1C3A6C9D00F465A7 /* Build configuration list for PBXNativeTarget "first game" */;
			buildPhases = (
				654E2EF41C3A6C9D00F465A7 /* Sources */,
				654E2EF51C3A6C9D00F465A7 /* Frameworks */,
				654E2EF61C3A6C9D00F465A7 /* Resources */,
			);
			buildRules = (
			);
			dependencies = (
			);
			name = "first game";
			productName = "first game";
			productReference = 654E2EF81C3A6C9D00F465A7 /* first game.app */;
			productType = "com.apple.product-type.application";
		};
/* End PBXNativeTarget section */

/* Begin PBXProject section */
		654E2EF01C3A6C9D00F465A7 /* Project object */ = {
			isa = PBXProject;
			attributes = {
				LastSwiftUpdateCheck = 0720;
				LastUpgradeCheck = 0720;
				ORGANIZATIONNAME = "迫 佑樹";
				TargetAttributes = {
					654E2EF71C3A6C9D00F465A7 = {
						CreatedOnToolsVersion = 7.2;
						DevelopmentTeam = 5M8P7CU8H5;
					};
				};
			};
			buildConfigurationList = 654E2EF31C3A6C9D00F465A7 /* Build configuration list for PBXProject "first game" */;
			compatibilityVersion = "Xcode 3.2";
			developmentRegion = English;
			hasScannedForEncodings = 0;
			knownRegions = (
				en,
				Base,
			);
			mainGroup = 654E2EEF1C3A6C9D00F465A7;
			productRefGroup = 654E2EF91C3A6C9D00F465A7 /* Products */;
			projectDirPath = "";
			projectRoot = "";
			targets = (
				654E2EF71C3A6C9D00F465A7 /* first game */,
			);
		};
/* End PBXProject section */

/* Begin PBXResourcesBuildPhase section */
		654E2EF61C3A6C9D00F465A7 /* Resources */ = {
			isa = PBXResourcesBuildPhase;
			buildActionMask = 2147483647;
			files = (
				654E2F181C3A95D000F465A7 /* flappy2.png in Resources */,
				654E2F161C3A95D000F465A7 /* bg.png in Resources */,
				654E2EFE1C3A6C9D00F465A7 /* GameScene.sks in Resources */,
				654E2F1C1C3B977F00F465A7 /* Evolve.wav in Resources */,
				654E2F191C3A95D000F465A7 /* pipe1.png in Resources */,
				654E2F0A1C3A6C9D00F465A7 /* LaunchScreen.storyboard in Resources */,
				654E2F1A1C3A95D000F465A7 /* pipe2.png in Resources */,
				654E2F071C3A6C9D00F465A7 /* Assets.xcassets in Resources */,
				654E2F051C3A6C9D00F465A7 /* Main.storyboard in Resources */,
				654E2F171C3A95D000F465A7 /* flappy1.png in Resources */,
			);
			runOnlyForDeploymentPostprocessing = 0;
		};
/* End PBXResourcesBuildPhase section */

/* Begin PBXSourcesBuildPhase section */
		654E2EF41C3A6C9D00F465A7 /* Sources */ = {
			isa = PBXSourcesBuildPhase;
			buildActionMask = 2147483647;
			files = (
				654E2F001C3A6C9D00F465A7 /* GameScene.swift in Sources */,
				654E2F021C3A6C9D00F465A7 /* GameViewController.swift in Sources */,
				654E2EFC1C3A6C9D00F465A7 /* AppDelegate.swift in Sources */,
			);
			runOnlyForDeploymentPostprocessing = 0;
		};
/* End PBXSourcesBuildPhase section */

/* Begin PBXVariantGroup section */
		654E2F031C3A6C9D00F465A7 /* Main.storyboard */ = {
			isa = PBXVariantGroup;
			children = (
				654E2F041C3A6C9D00F465A7 /* Base */,
			);
			name = Main.storyboard;
			sourceTree = "<group>";
		};
		654E2F081C3A6C9D00F465A7 /* LaunchScreen.storyboard */ = {
			isa = PBXVariantGroup;
			children = (
				654E2F091C3A6C9D00F465A7 /* Base */,
			);
			name = LaunchScreen.storyboard;
			sourceTree = "<group>";
		};
/* End PBXVariantGroup section */

/* Begin XCBuildConfiguration section */
		654E2F0C1C3A6C9D00F465A7 /* Debug */ = {
			isa = XCBuildConfiguration;
			buildSettings = {
				ALWAYS_SEARCH_USER_PATHS = NO;
				CLANG_CXX_LANGUAGE_STANDARD = "gnu++0x";
				CLANG_CXX_LIBRARY = "libc++";
				CLANG_ENABLE_MODULES = YES;
				CLANG_ENABLE_OBJC_ARC = YES;
				CLANG_WARN_BOOL_CONVERSION = YES;
				CLANG_WARN_CONSTANT_CONVERSION = YES;
				CLANG_WARN_DIRECT_OBJC_ISA_USAGE = YES_ERROR;
				CLANG_WARN_EMPTY_BODY = YES;
				CLANG_WARN_ENUM_CONVERSION = YES;
				CLANG_WARN_INT_CONVERSION = YES;
				CLANG_WARN_OBJC_ROOT_CLASS = YES_ERROR;
				CLANG_WARN_UNREACHABLE_CODE = YES;
				CLANG_WARN__DUPLICATE_METHOD_MATCH = YES;
				"CODE_SIGN_IDENTITY[sdk=iphoneos*]" = "iPhone Developer";
				COPY_PHASE_STRIP = NO;
				DEBUG_INFORMATION_FORMAT = "dwarf-with-dsym";
				ENABLE_STRICT_OBJC_MSGSEND = YES;
				ENABLE_TESTABILITY = YES;
				GCC_C_LANGUAGE_STANDARD = gnu99;
				GCC_DYNAMIC_NO_PIC = NO;
				GCC_NO_COMMON_BLOCKS = YES;
				GCC_OPTIMIZATION_LEVEL = 0;
				GCC_PREPROCESSOR_DEFINITIONS = (
					"DEBUG=1",
					"$(inherited)",
				);
				GCC_WARN_64_TO_32_BIT_CONVERSION = YES;
				GCC_WARN_ABOUT_RETURN_TYPE = YES_ERROR;
				GCC_WARN_UNDECLARED_SELECTOR = YES;
				GCC_WARN_UNINITIALIZED_AUTOS = YES_AGGRESSIVE;
				GCC_WARN_UNUSED_FUNCTION = YES;
				GCC_WARN_UNUSED_VARIABLE = YES;
				IPHONEOS_DEPLOYMENT_TARGET = 9.2;
				MTL_ENABLE_DEBUG_INFO = YES;
				ONLY_ACTIVE_ARCH = YES;
				SDKROOT = iphoneos;
				SWIFT_OPTIMIZATION_LEVEL = "-Onone";
			};
			name = Debug;
		};
		654E2F0D1C3A6C9D00F465A7 /* Release */ = {
			isa = XCBuildConfiguration;
			buildSettings = {
				ALWAYS_SEARCH_USER_PATHS = NO;
				CLANG_CXX_LANGUAGE_STANDARD = "gnu++0x";
				CLANG_CXX_LIBRARY = "libc++";
				CLANG_ENABLE_MODULES = YES;
				CLANG_ENABLE_OBJC_ARC = YES;
				CLANG_WARN_BOOL_CONVERSION = YES;
				CLANG_WARN_CONSTANT_CONVERSION = YES;
				CLANG_WARN_DIRECT_OBJC_ISA_USAGE = YES_ERROR;
				CLANG_WARN_EMPTY_BODY = YES;
				CLANG_WARN_ENUM_CONVERSION = YES;
				CLANG_WARN_INT_CONVERSION = YES;
				CLANG_WARN_OBJC_ROOT_CLASS = YES_ERROR;
				CLANG_WARN_UNREACHABLE_CODE = YES;
				CLANG_WARN__DUPLICATE_METHOD_MATCH = YES;
				"CODE_SIGN_IDENTITY[sdk=iphoneos*]" = "iPhone Developer";
				COPY_PHASE_STRIP = NO;
				DEBUG_INFORMATION_FORMAT = "dwarf-with-dsym";
				ENABLE_NS_ASSERTIONS = NO;
				ENABLE_STRICT_OBJC_MSGSEND = YES;
				GCC_C_LANGUAGE_STANDARD = gnu99;
				GCC_NO_COMMON_BLOCKS = YES;
				GCC_WARN_64_TO_32_BIT_CONVERSION = YES;
				GCC_WARN_ABOUT_RETURN_TYPE = YES_ERROR;
				GCC_WARN_UNDECLARED_SELECTOR = YES;
				GCC_WARN_UNINITIALIZED_AUTOS = YES_AGGRESSIVE;
				GCC_WARN_UNUSED_FUNCTION = YES;
				GCC_WARN_UNUSED_VARIABLE = YES;
				IPHONEOS_DEPLOYMENT_TARGET = 9.2;
				MTL_ENABLE_DEBUG_INFO = NO;
				SDKROOT = iphoneos;
				VALIDATE_PRODUCT = YES;
			};
			name = Release;
		};
		654E2F0F1C3A6C9D00F465A7 /* Debug */ = {
			isa = XCBuildConfiguration;
			buildSettings = {
				ASSETCATALOG_COMPILER_APPICON_NAME = AppIcon;
				INFOPLIST_FILE = "first game/Info.plist";
				LD_RUNPATH_SEARCH_PATHS = "$(inherited) @executable_path/Frameworks";
				PRODUCT_BUNDLE_IDENTIFIER = "io.github.yukisako.first-game";
				PRODUCT_NAME = "$(TARGET_NAME)";
			};
			name = Debug;
		};
		654E2F101C3A6C9D00F465A7 /* Release */ = {
			isa = XCBuildConfiguration;
			buildSettings = {
				ASSETCATALOG_COMPILER_APPICON_NAME = AppIcon;
				INFOPLIST_FILE = "first game/Info.plist";
				LD_RUNPATH_SEARCH_PATHS = "$(inherited) @executable_path/Frameworks";
				PRODUCT_BUNDLE_IDENTIFIER = "io.github.yukisako.first-game";
				PRODUCT_NAME = "$(TARGET_NAME)";
			};
			name = Release;
		};
/* End XCBuildConfiguration section */

/* Begin XCConfigurationList section */
		654E2EF31C3A6C9D00F465A7 /* Build configuration list for PBXProject "first game" */ = {
			isa = XCConfigurationList;
			buildConfigurations = (
				654E2F0C1C3A6C9D00F465A7 /* Debug */,
				654E2F0D1C3A6C9D00F465A7 /* Release */,
			);
			defaultConfigurationIsVisible = 0;
			defaultConfigurationName = Release;
		};
		654E2F0E1C3A6C9D00F465A7 /* Build configuration list for PBXNativeTarget "first game" */ = {
			isa = XCConfigurationList;
			buildConfigurations = (
				654E2F0F1C3A6C9D00F465A7 /* Debug */,
				654E2F101C3A6C9D00F465A7 /* Release */,
			);
			defaultConfigurationIsVisible = 0;
		};
/* End XCConfigurationList section */
	};
	rootObject = 654E2EF01C3A6C9D00F465A7 /* Project object */;
}
